{
  "originHash" : "bdd1b5e4d7b1e7f8d455a127daf64ebc1a0dae98fec4b8cb2f18130ed688764c",
  "pins" : [
    {
      "identity" : "mocker",
      "kind" : "remoteSourceControl",
      "location" : "https://github.com/WeTransfer/Mocker.git",
      "state" : {
        "revision" : "95fa785c751f6bc40c49e112d433c3acf8417a97",
        "version" : "3.0.2"
      }
    },
    {
      "identity" : "twitchirc",
      "kind" : "remoteSourceControl",
      "location" : "https://github.com/MahdiBM/TwitchIRC",
      "state" : {
        "revision" : "036f70385fe4f6d30ad2634699eb1e8e00b52087",
        "version" : "1.6.0"
      }
    }
  ],
  "version" : 3
}
