{
  "pins" : [
    {
      "identity" : "mocker",
      "kind" : "remoteSourceControl",
      "location" : "https://github.com/WeTransfer/Mocker.git",
      "state" : {
        "revision" : "4384e015cae4916a6828252467a4437173c7ae17",
        "version" : "3.0.1"
      }
    },
    {
      "identity" : "twitchirc",
      "kind" : "remoteSourceControl",
      "location" : "https://github.com/MahdiBM/TwitchIRC",
      "state" : {
        "revision" : "6bbdb89f22ecea871182bfe46b2f9e17f6eb535b",
        "version" : "1.5.0"
      }
    }
  ],
  "version" : 2
}
